{
  "originHash" : "875bbe0fb0eefa3372babc05c882b6c3a4b6210b7017a357033abda95c976a99",
  "pins" : [
    {
      "identity" : "swiftformat",
      "kind" : "remoteSourceControl",
      "location" : "https://github.com/nicklockwood/SwiftFormat",
      "state" : {
        "revision" : "28bcc6056183f8c48ec8bb8f237a9064be1581e7",
        "version" : "0.54.0"
      }
    }
  ],
  "version" : 3
}
