{
  "originHash" : "03025dc460247017d8cf23f80456f83b92417abd6a12d2037b430af058c823af",
  "pins" : [
    {
      "identity" : "swiftformat",
      "kind" : "remoteSourceControl",
      "location" : "https://github.com/nicklockwood/SwiftFormat",
      "state" : {
        "revision" : "ab238886b8b50f8b678b251f3c28c0c887305407",
        "version" : "0.53.8"
      }
    }
  ],
  "version" : 3
}
