{
  "originHash" : "b2f783e8fbb7c6c9bd9678f0cfdc1aad1028517f06d73fda5ea59577ad835cfb",
  "pins" : [
    {
      "identity" : "swiftformat",
      "kind" : "remoteSourceControl",
      "location" : "https://github.com/nicklockwood/SwiftFormat",
      "state" : {
        "revision" : "d6309f7440889427426143b4a0b100b959d3f3e6",
        "version" : "0.54.3"
      }
    }
  ],
  "version" : 3
}
