// !$*UTF8*$!
{
	archiveVersion = 1;
	classes = {
	};
	objectVersion = 56;
	objects = {

/* Begin PBXBuildFile section */
		787A89BE2BDC783E000F4335 /* MMMApp.swift in Sources */ = {isa = PBXBuildFile; fileRef = 787A89BD2BDC783E000F4335 /* MMMApp.swift */; };
		787A89C42BDC783F000F4335 /* Assets.xcassets in Resources */ = {isa = PBXBuildFile; fileRef = 787A89C32BDC783F000F4335 /* Assets.xcassets */; };
		787A89C72BDC783F000F4335 /* Preview Assets.xcassets in Resources */ = {isa = PBXBuildFile; fileRef = 787A89C62BDC783F000F4335 /* Preview Assets.xcassets */; };
		788E7A8A2C7966FD0033A15E /* MMMView in Frameworks */ = {isa = PBXBuildFile; productRef = 788E7A892C7966FD0033A15E /* MMMView */; };
		78CEC4132C78B92600B5EBD1 /* AppDebug in Frameworks */ = {isa = PBXBuildFile; productRef = 78CEC4122C78B92600B5EBD1 /* AppDebug */; };
		78CEC4152C78B92600B5EBD1 /* AppIcon in Frameworks */ = {isa = PBXBuildFile; productRef = 78CEC4142C78B92600B5EBD1 /* AppIcon */; };
		78CEC4172C78B92600B5EBD1 /* InputView in Frameworks */ = {isa = PBXBuildFile; productRef = 78CEC4162C78B92600B5EBD1 /* InputView */; };
		78CEC4192C78B92600B5EBD1 /* ListView in Frameworks */ = {isa = PBXBuildFile; productRef = 78CEC4182C78B92600B5EBD1 /* ListView */; };
		78CEC41B2C78B92600B5EBD1 /* MMMAppearance in Frameworks */ = {isa = PBXBuildFile; productRef = 78CEC41A2C78B92600B5EBD1 /* MMMAppearance */; };
		78CEC41D2C78B92600B5EBD1 /* MMMTab in Frameworks */ = {isa = PBXBuildFile; productRef = 78CEC41C2C78B92600B5EBD1 /* MMMTab */; };
		78CEC41F2C78B92600B5EBD1 /* OtherView in Frameworks */ = {isa = PBXBuildFile; productRef = 78CEC41E2C78B92600B5EBD1 /* OtherView */; };
		78CEC4212C78B92600B5EBD1 /* ReportView in Frameworks */ = {isa = PBXBuildFile; productRef = 78CEC4202C78B92600B5EBD1 /* ReportView */; };
		78EEBE1E2C78A74800567449 /* Settings.bundle in Resources */ = {isa = PBXBuildFile; fileRef = 78EEBE1D2C78A74800567449 /* Settings.bundle */; };
/* End PBXBuildFile section */

/* Begin PBXFileReference section */
		783F3C5A2BDFC6EE008C6715 /* Debug.xcconfig */ = {isa = PBXFileReference; lastKnownFileType = text.xcconfig; path = Debug.xcconfig; sourceTree = "<group>"; };
		783F3C5B2BDFC733008C6715 /* AdHoc.xcconfig */ = {isa = PBXFileReference; lastKnownFileType = text.xcconfig; path = AdHoc.xcconfig; sourceTree = "<group>"; };
		783F3C5C2BDFC74A008C6715 /* Release.xcconfig */ = {isa = PBXFileReference; lastKnownFileType = text.xcconfig; path = Release.xcconfig; sourceTree = "<group>"; };
		787A89BA2BDC783E000F4335 /* MMM.app */ = {isa = PBXFileReference; explicitFileType = wrapper.application; includeInIndex = 0; path = MMM.app; sourceTree = BUILT_PRODUCTS_DIR; };
		787A89BD2BDC783E000F4335 /* MMMApp.swift */ = {isa = PBXFileReference; lastKnownFileType = sourcecode.swift; path = MMMApp.swift; sourceTree = "<group>"; };
		787A89C32BDC783F000F4335 /* Assets.xcassets */ = {isa = PBXFileReference; lastKnownFileType = folder.assetcatalog; path = Assets.xcassets; sourceTree = "<group>"; };
		787A89C62BDC783F000F4335 /* Preview Assets.xcassets */ = {isa = PBXFileReference; lastKnownFileType = folder.assetcatalog; path = "Preview Assets.xcassets"; sourceTree = "<group>"; };
		7896A3FA2BDCE81500C52133 /* MMM.xctestplan */ = {isa = PBXFileReference; lastKnownFileType = text; path = MMM.xctestplan; sourceTree = "<group>"; };
		78EEBE1D2C78A74800567449 /* Settings.bundle */ = {isa = PBXFileReference; lastKnownFileType = "wrapper.plug-in"; path = Settings.bundle; sourceTree = "<group>"; };
/* End PBXFileReference section */

/* Begin PBXFrameworksBuildPhase section */
		787A89B72BDC783E000F4335 /* Frameworks */ = {
			isa = PBXFrameworksBuildPhase;
			buildActionMask = 2147483647;
			files = (
				788E7A8A2C7966FD0033A15E /* MMMView in Frameworks */,
				78CEC4172C78B92600B5EBD1 /* InputView in Frameworks */,
				78CEC4212C78B92600B5EBD1 /* ReportView in Frameworks */,
				78CEC4132C78B92600B5EBD1 /* AppDebug in Frameworks */,
				78CEC41B2C78B92600B5EBD1 /* MMMAppearance in Frameworks */,
				78CEC4152C78B92600B5EBD1 /* AppIcon in Frameworks */,
				78CEC41F2C78B92600B5EBD1 /* OtherView in Frameworks */,
				78CEC41D2C78B92600B5EBD1 /* MMMTab in Frameworks */,
				78CEC4192C78B92600B5EBD1 /* ListView in Frameworks */,
			);
			runOnlyForDeploymentPostprocessing = 0;
		};
/* End PBXFrameworksBuildPhase section */

/* Begin PBXGroup section */
		783F3C592BDFC6D3008C6715 /* Configuration */ = {
			isa = PBXGroup;
			children = (
				783F3C5A2BDFC6EE008C6715 /* Debug.xcconfig */,
				783F3C5B2BDFC733008C6715 /* AdHoc.xcconfig */,
				783F3C5C2BDFC74A008C6715 /* Release.xcconfig */,
			);
			path = Configuration;
			sourceTree = "<group>";
		};
		783F3C5D2BDFC845008C6715 /* Resource */ = {
			isa = PBXGroup;
			children = (
				787A89C32BDC783F000F4335 /* Assets.xcassets */,
			);
			path = Resource;
			sourceTree = "<group>";
		};
		783F3C5E2BDFC885008C6715 /* Resource Preview */ = {
			isa = PBXGroup;
			children = (
				787A89C62BDC783F000F4335 /* Preview Assets.xcassets */,
			);
			path = "Resource Preview";
			sourceTree = "<group>";
		};
		787A89B12BDC783E000F4335 = {
			isa = PBXGroup;
			children = (
				787A89BC2BDC783E000F4335 /* Sources */,
				787A89BB2BDC783E000F4335 /* Products */,
				7896A3F72BDCE73400C52133 /* Frameworks */,
			);
			sourceTree = "<group>";
		};
		787A89BB2BDC783E000F4335 /* Products */ = {
			isa = PBXGroup;
			children = (
				787A89BA2BDC783E000F4335 /* MMM.app */,
			);
			name = Products;
			sourceTree = "<group>";
		};
		787A89BC2BDC783E000F4335 /* Sources */ = {
			isa = PBXGroup;
			children = (
				787A89BD2BDC783E000F4335 /* MMMApp.swift */,
				783F3C592BDFC6D3008C6715 /* Configuration */,
				783F3C5D2BDFC845008C6715 /* Resource */,
				783F3C5E2BDFC885008C6715 /* Resource Preview */,
				7896A3FB2BDCE81900C52133 /* TestPlan */,
				78EEBE1D2C78A74800567449 /* Settings.bundle */,
			);
			path = Sources;
			sourceTree = "<group>";
		};
		7896A3F72BDCE73400C52133 /* Frameworks */ = {
			isa = PBXGroup;
			children = (
			);
			name = Frameworks;
			sourceTree = "<group>";
		};
		7896A3FB2BDCE81900C52133 /* TestPlan */ = {
			isa = PBXGroup;
			children = (
				7896A3FA2BDCE81500C52133 /* MMM.xctestplan */,
			);
			path = TestPlan;
			sourceTree = "<group>";
		};
/* End PBXGroup section */

/* Begin PBXNativeTarget section */
		787A89B92BDC783E000F4335 /* MMM */ = {
			isa = PBXNativeTarget;
			buildConfigurationList = 787A89E02BDC7840000F4335 /* Build configuration list for PBXNativeTarget "MMM" */;
			buildPhases = (
				787A89B62BDC783E000F4335 /* Sources */,
				787A89B72BDC783E000F4335 /* Frameworks */,
				787A89B82BDC783E000F4335 /* Resources */,
				786548812C78A5DC00664BAB /* Build Release */,
				786548822C78A5F500664BAB /* LicensePlist */,
			);
			buildRules = (
			);
			dependencies = (
			);
			name = MMM;
			packageProductDependencies = (
				78CEC4122C78B92600B5EBD1 /* AppDebug */,
				78CEC4142C78B92600B5EBD1 /* AppIcon */,
				78CEC4162C78B92600B5EBD1 /* InputView */,
				78CEC4182C78B92600B5EBD1 /* ListView */,
				78CEC41A2C78B92600B5EBD1 /* MMMAppearance */,
				78CEC41C2C78B92600B5EBD1 /* MMMTab */,
				78CEC41E2C78B92600B5EBD1 /* OtherView */,
				78CEC4202C78B92600B5EBD1 /* ReportView */,
				788E7A892C7966FD0033A15E /* MMMView */,
			);
			productName = MMM;
			productReference = 787A89BA2BDC783E000F4335 /* MMM.app */;
			productType = "com.apple.product-type.application";
		};
/* End PBXNativeTarget section */

/* Begin PBXProject section */
		787A89B22BDC783E000F4335 /* Project object */ = {
			isa = PBXProject;
			attributes = {
				BuildIndependentTargetsInParallel = 1;
				LastSwiftUpdateCheck = 1530;
				LastUpgradeCheck = 1540;
				TargetAttributes = {
					787A89B92BDC783E000F4335 = {
						CreatedOnToolsVersion = 15.3;
					};
				};
			};
			buildConfigurationList = 787A89B52BDC783E000F4335 /* Build configuration list for PBXProject "MMM" */;
			compatibilityVersion = "Xcode 14.0";
			developmentRegion = ja;
			hasScannedForEncodings = 0;
			knownRegions = (
				Base,
				ja,
				en,
			);
			mainGroup = 787A89B12BDC783E000F4335;
			productRefGroup = 787A89BB2BDC783E000F4335 /* Products */;
			projectDirPath = "";
			projectRoot = "";
			targets = (
				787A89B92BDC783E000F4335 /* MMM */,
			);
		};
/* End PBXProject section */

/* Begin PBXResourcesBuildPhase section */
		787A89B82BDC783E000F4335 /* Resources */ = {
			isa = PBXResourcesBuildPhase;
			buildActionMask = 2147483647;
			files = (
				787A89C72BDC783F000F4335 /* Preview Assets.xcassets in Resources */,
				78EEBE1E2C78A74800567449 /* Settings.bundle in Resources */,
				787A89C42BDC783F000F4335 /* Assets.xcassets in Resources */,
			);
			runOnlyForDeploymentPostprocessing = 0;
		};
/* End PBXResourcesBuildPhase section */

/* Begin PBXShellScriptBuildPhase section */
		786548812C78A5DC00664BAB /* Build Release */ = {
			isa = PBXShellScriptBuildPhase;
			alwaysOutOfDate = 1;
			buildActionMask = 2147483647;
			files = (
			);
			inputFileListPaths = (
			);
			inputPaths = (
			);
			name = "Build Release";
			outputFileListPaths = (
			);
			outputPaths = (
			);
			runOnlyForDeploymentPostprocessing = 0;
			shellPath = /bin/sh;
			shellScript = "cd ../BuildTools\n\nxcrun --sdk macosx swift build -c release\n";
		};
		786548822C78A5F500664BAB /* LicensePlist */ = {
			isa = PBXShellScriptBuildPhase;
			alwaysOutOfDate = 1;
			buildActionMask = 2147483647;
			files = (
			);
			inputFileListPaths = (
			);
			inputPaths = (
			);
			name = LicensePlist;
			outputFileListPaths = (
			);
			outputPaths = (
			);
			runOnlyForDeploymentPostprocessing = 0;
			shellPath = /bin/sh;
			shellScript = "cd ../BuildTools\n\nxcrun --sdk macosx swift build -c release \\\n    --package-path .build/checkouts/LicensePlist \\\n    --product license-plist\n\n.build/checkouts/LicensePlist/.build/release/license-plist \\\n    --config-path ../license_plist.yml \\\n    --package-path Package.resolved \\\n    --package-path ../MMM.xcworkspace/xcshareddata/swiftpm/Package.resolved \\\n    --output-path $SRCROOT/Sources/Settings.bundle\n";
		};
/* End PBXShellScriptBuildPhase section */

/* Begin PBXSourcesBuildPhase section */
		787A89B62BDC783E000F4335 /* Sources */ = {
			isa = PBXSourcesBuildPhase;
			buildActionMask = 2147483647;
			files = (
				787A89BE2BDC783E000F4335 /* MMMApp.swift in Sources */,
			);
			runOnlyForDeploymentPostprocessing = 0;
		};
/* End PBXSourcesBuildPhase section */

/* Begin XCBuildConfiguration section */
		7855825B2BDF4EE300221A90 /* AdHoc */ = {
			isa = XCBuildConfiguration;
			buildSettings = {
				ALWAYS_SEARCH_USER_PATHS = NO;
				ASSETCATALOG_COMPILER_GENERATE_SWIFT_ASSET_SYMBOL_EXTENSIONS = YES;
				CLANG_ANALYZER_LOCALIZABILITY_NONLOCALIZED = YES;
				CLANG_ANALYZER_NONNULL = YES;
				CLANG_ANALYZER_NUMBER_OBJECT_CONVERSION = YES_AGGRESSIVE;
				CLANG_CXX_LANGUAGE_STANDARD = "gnu++20";
				CLANG_ENABLE_MODULES = YES;
				CLANG_ENABLE_OBJC_ARC = YES;
				CLANG_ENABLE_OBJC_WEAK = YES;
				CLANG_WARN_BLOCK_CAPTURE_AUTORELEASING = YES;
				CLANG_WARN_BOOL_CONVERSION = YES;
				CLANG_WARN_COMMA = YES;
				CLANG_WARN_CONSTANT_CONVERSION = YES;
				CLANG_WARN_DEPRECATED_OBJC_IMPLEMENTATIONS = YES;
				CLANG_WARN_DIRECT_OBJC_ISA_USAGE = YES_ERROR;
				CLANG_WARN_DOCUMENTATION_COMMENTS = YES;
				CLANG_WARN_EMPTY_BODY = YES;
				CLANG_WARN_ENUM_CONVERSION = YES;
				CLANG_WARN_INFINITE_RECURSION = YES;
				CLANG_WARN_INT_CONVERSION = YES;
				CLANG_WARN_NON_LITERAL_NULL_CONVERSION = YES;
				CLANG_WARN_OBJC_IMPLICIT_RETAIN_SELF = YES;
				CLANG_WARN_OBJC_LITERAL_CONVERSION = YES;
				CLANG_WARN_OBJC_ROOT_CLASS = YES_ERROR;
				CLANG_WARN_QUOTED_INCLUDE_IN_FRAMEWORK_HEADER = YES;
				CLANG_WARN_RANGE_LOOP_ANALYSIS = YES;
				CLANG_WARN_STRICT_PROTOTYPES = YES;
				CLANG_WARN_SUSPICIOUS_MOVE = YES;
				CLANG_WARN_UNGUARDED_AVAILABILITY = YES_AGGRESSIVE;
				CLANG_WARN_UNREACHABLE_CODE = YES;
				CLANG_WARN__DUPLICATE_METHOD_MATCH = YES;
				COPY_PHASE_STRIP = NO;
				DEBUG_INFORMATION_FORMAT = "dwarf-with-dsym";
				ENABLE_NS_ASSERTIONS = NO;
				ENABLE_STRICT_OBJC_MSGSEND = YES;
				ENABLE_USER_SCRIPT_SANDBOXING = NO;
				GCC_C_LANGUAGE_STANDARD = gnu17;
				GCC_NO_COMMON_BLOCKS = YES;
				GCC_WARN_64_TO_32_BIT_CONVERSION = YES;
				GCC_WARN_ABOUT_RETURN_TYPE = YES_ERROR;
				GCC_WARN_UNDECLARED_SELECTOR = YES;
				GCC_WARN_UNINITIALIZED_AUTOS = YES_AGGRESSIVE;
				GCC_WARN_UNUSED_FUNCTION = YES;
				GCC_WARN_UNUSED_VARIABLE = YES;
				IPHONEOS_DEPLOYMENT_TARGET = 17.0;
				LOCALIZATION_PREFERS_STRING_CATALOGS = YES;
				MTL_ENABLE_DEBUG_INFO = NO;
				MTL_FAST_MATH = YES;
				SDKROOT = iphoneos;
				SWIFT_COMPILATION_MODE = wholemodule;
				VALIDATE_PRODUCT = YES;
			};
			name = AdHoc;
		};
		7855825C2BDF4EE300221A90 /* AdHoc */ = {
			isa = XCBuildConfiguration;
			baseConfigurationReference = 783F3C5B2BDFC733008C6715 /* AdHoc.xcconfig */;
			buildSettings = {
				ASSETCATALOG_COMPILER_APPICON_NAME = "$(MMM_APP_ICON)";
				ASSETCATALOG_COMPILER_GLOBAL_ACCENT_COLOR_NAME = AccentColor;
				CODE_SIGN_IDENTITY = "Apple Distribution: Kamiyama Yoshihito";
				CODE_SIGN_STYLE = Manual;
				CURRENT_PROJECT_VERSION = 1;
				DEVELOPMENT_ASSET_PATHS = "\"Sources/Resource Preview\"";
				DEVELOPMENT_TEAM = "";
				"DEVELOPMENT_TEAM[sdk=iphoneos*]" = 6WHPY5MQSB;
				ENABLE_PREVIEWS = YES;
				GENERATE_INFOPLIST_FILE = YES;
				INFOPLIST_KEY_NSPhotoLibraryAddUsageDescription = "アプリ上のアイコンをライブラリに保存します";
				INFOPLIST_KEY_UIApplicationSceneManifest_Generation = YES;
				INFOPLIST_KEY_UIApplicationSupportsIndirectInputEvents = YES;
				INFOPLIST_KEY_UILaunchScreen_Generation = YES;
				INFOPLIST_KEY_UISupportedInterfaceOrientations = UIInterfaceOrientationPortrait;
				IPHONEOS_DEPLOYMENT_TARGET = 17.0;
				LD_RUNPATH_SEARCH_PATHS = (
					"$(inherited)",
					"@executable_path/Frameworks",
				);
				MARKETING_VERSION = 1.0;
				PRODUCT_BUNDLE_IDENTIFIER = "$(MMM_PRODUCT_BUNDLE_IDENTIFIER)";
				PRODUCT_NAME = MMM;
				PROVISIONING_PROFILE_SPECIFIER = "match AdHoc com.yossibank.mmm.adhoc";
				"PROVISIONING_PROFILE_SPECIFIER[sdk=iphoneos*]" = "match AdHoc com.yossibank.mmm.adhoc";
				SUPPORTED_PLATFORMS = "iphoneos iphonesimulator";
				SUPPORTS_MACCATALYST = NO;
				SUPPORTS_MAC_DESIGNED_FOR_IPHONE_IPAD = NO;
				SUPPORTS_XR_DESIGNED_FOR_IPHONE_IPAD = NO;
				SWIFT_EMIT_LOC_STRINGS = YES;
				SWIFT_VERSION = 5.0;
				TARGETED_DEVICE_FAMILY = 1;
			};
			name = AdHoc;
		};
		787A89DE2BDC7840000F4335 /* Debug */ = {
			isa = XCBuildConfiguration;
			buildSettings = {
				ALWAYS_SEARCH_USER_PATHS = NO;
				ASSETCATALOG_COMPILER_GENERATE_SWIFT_ASSET_SYMBOL_EXTENSIONS = YES;
				CLANG_ANALYZER_LOCALIZABILITY_NONLOCALIZED = YES;
				CLANG_ANALYZER_NONNULL = YES;
				CLANG_ANALYZER_NUMBER_OBJECT_CONVERSION = YES_AGGRESSIVE;
				CLANG_CXX_LANGUAGE_STANDARD = "gnu++20";
				CLANG_ENABLE_MODULES = YES;
				CLANG_ENABLE_OBJC_ARC = YES;
				CLANG_ENABLE_OBJC_WEAK = YES;
				CLANG_WARN_BLOCK_CAPTURE_AUTORELEASING = YES;
				CLANG_WARN_BOOL_CONVERSION = YES;
				CLANG_WARN_COMMA = YES;
				CLANG_WARN_CONSTANT_CONVERSION = YES;
				CLANG_WARN_DEPRECATED_OBJC_IMPLEMENTATIONS = YES;
				CLANG_WARN_DIRECT_OBJC_ISA_USAGE = YES_ERROR;
				CLANG_WARN_DOCUMENTATION_COMMENTS = YES;
				CLANG_WARN_EMPTY_BODY = YES;
				CLANG_WARN_ENUM_CONVERSION = YES;
				CLANG_WARN_INFINITE_RECURSION = YES;
				CLANG_WARN_INT_CONVERSION = YES;
				CLANG_WARN_NON_LITERAL_NULL_CONVERSION = YES;
				CLANG_WARN_OBJC_IMPLICIT_RETAIN_SELF = YES;
				CLANG_WARN_OBJC_LITERAL_CONVERSION = YES;
				CLANG_WARN_OBJC_ROOT_CLASS = YES_ERROR;
				CLANG_WARN_QUOTED_INCLUDE_IN_FRAMEWORK_HEADER = YES;
				CLANG_WARN_RANGE_LOOP_ANALYSIS = YES;
				CLANG_WARN_STRICT_PROTOTYPES = YES;
				CLANG_WARN_SUSPICIOUS_MOVE = YES;
				CLANG_WARN_UNGUARDED_AVAILABILITY = YES_AGGRESSIVE;
				CLANG_WARN_UNREACHABLE_CODE = YES;
				CLANG_WARN__DUPLICATE_METHOD_MATCH = YES;
				COPY_PHASE_STRIP = NO;
				DEBUG_INFORMATION_FORMAT = dwarf;
				ENABLE_STRICT_OBJC_MSGSEND = YES;
				ENABLE_TESTABILITY = YES;
				ENABLE_USER_SCRIPT_SANDBOXING = NO;
				GCC_C_LANGUAGE_STANDARD = gnu17;
				GCC_DYNAMIC_NO_PIC = NO;
				GCC_NO_COMMON_BLOCKS = YES;
				GCC_OPTIMIZATION_LEVEL = 0;
				GCC_PREPROCESSOR_DEFINITIONS = (
					"DEBUG=1",
					"$(inherited)",
				);
				GCC_WARN_64_TO_32_BIT_CONVERSION = YES;
				GCC_WARN_ABOUT_RETURN_TYPE = YES_ERROR;
				GCC_WARN_UNDECLARED_SELECTOR = YES;
				GCC_WARN_UNINITIALIZED_AUTOS = YES_AGGRESSIVE;
				GCC_WARN_UNUSED_FUNCTION = YES;
				GCC_WARN_UNUSED_VARIABLE = YES;
				IPHONEOS_DEPLOYMENT_TARGET = 17.0;
				LOCALIZATION_PREFERS_STRING_CATALOGS = YES;
				MTL_ENABLE_DEBUG_INFO = INCLUDE_SOURCE;
				MTL_FAST_MATH = YES;
				ONLY_ACTIVE_ARCH = YES;
				SDKROOT = iphoneos;
				SWIFT_ACTIVE_COMPILATION_CONDITIONS = "DEBUG $(inherited)";
				SWIFT_OPTIMIZATION_LEVEL = "-Onone";
			};
			name = Debug;
		};
		787A89DF2BDC7840000F4335 /* Release */ = {
			isa = XCBuildConfiguration;
			buildSettings = {
				ALWAYS_SEARCH_USER_PATHS = NO;
				ASSETCATALOG_COMPILER_GENERATE_SWIFT_ASSET_SYMBOL_EXTENSIONS = YES;
				CLANG_ANALYZER_LOCALIZABILITY_NONLOCALIZED = YES;
				CLANG_ANALYZER_NONNULL = YES;
				CLANG_ANALYZER_NUMBER_OBJECT_CONVERSION = YES_AGGRESSIVE;
				CLANG_CXX_LANGUAGE_STANDARD = "gnu++20";
				CLANG_ENABLE_MODULES = YES;
				CLANG_ENABLE_OBJC_ARC = YES;
				CLANG_ENABLE_OBJC_WEAK = YES;
				CLANG_WARN_BLOCK_CAPTURE_AUTORELEASING = YES;
				CLANG_WARN_BOOL_CONVERSION = YES;
				CLANG_WARN_COMMA = YES;
				CLANG_WARN_CONSTANT_CONVERSION = YES;
				CLANG_WARN_DEPRECATED_OBJC_IMPLEMENTATIONS = YES;
				CLANG_WARN_DIRECT_OBJC_ISA_USAGE = YES_ERROR;
				CLANG_WARN_DOCUMENTATION_COMMENTS = YES;
				CLANG_WARN_EMPTY_BODY = YES;
				CLANG_WARN_ENUM_CONVERSION = YES;
				CLANG_WARN_INFINITE_RECURSION = YES;
				CLANG_WARN_INT_CONVERSION = YES;
				CLANG_WARN_NON_LITERAL_NULL_CONVERSION = YES;
				CLANG_WARN_OBJC_IMPLICIT_RETAIN_SELF = YES;
				CLANG_WARN_OBJC_LITERAL_CONVERSION = YES;
				CLANG_WARN_OBJC_ROOT_CLASS = YES_ERROR;
				CLANG_WARN_QUOTED_INCLUDE_IN_FRAMEWORK_HEADER = YES;
				CLANG_WARN_RANGE_LOOP_ANALYSIS = YES;
				CLANG_WARN_STRICT_PROTOTYPES = YES;
				CLANG_WARN_SUSPICIOUS_MOVE = YES;
				CLANG_WARN_UNGUARDED_AVAILABILITY = YES_AGGRESSIVE;
				CLANG_WARN_UNREACHABLE_CODE = YES;
				CLANG_WARN__DUPLICATE_METHOD_MATCH = YES;
				COPY_PHASE_STRIP = NO;
				DEBUG_INFORMATION_FORMAT = "dwarf-with-dsym";
				ENABLE_NS_ASSERTIONS = NO;
				ENABLE_STRICT_OBJC_MSGSEND = YES;
				ENABLE_USER_SCRIPT_SANDBOXING = NO;
				GCC_C_LANGUAGE_STANDARD = gnu17;
				GCC_NO_COMMON_BLOCKS = YES;
				GCC_WARN_64_TO_32_BIT_CONVERSION = YES;
				GCC_WARN_ABOUT_RETURN_TYPE = YES_ERROR;
				GCC_WARN_UNDECLARED_SELECTOR = YES;
				GCC_WARN_UNINITIALIZED_AUTOS = YES_AGGRESSIVE;
				GCC_WARN_UNUSED_FUNCTION = YES;
				GCC_WARN_UNUSED_VARIABLE = YES;
				IPHONEOS_DEPLOYMENT_TARGET = 17.0;
				LOCALIZATION_PREFERS_STRING_CATALOGS = YES;
				MTL_ENABLE_DEBUG_INFO = NO;
				MTL_FAST_MATH = YES;
				SDKROOT = iphoneos;
				SWIFT_COMPILATION_MODE = wholemodule;
				VALIDATE_PRODUCT = YES;
			};
			name = Release;
		};
		787A89E12BDC7840000F4335 /* Debug */ = {
			isa = XCBuildConfiguration;
			baseConfigurationReference = 783F3C5A2BDFC6EE008C6715 /* Debug.xcconfig */;
			buildSettings = {
				ASSETCATALOG_COMPILER_APPICON_NAME = "$(MMM_APP_ICON)";
				ASSETCATALOG_COMPILER_GLOBAL_ACCENT_COLOR_NAME = AccentColor;
				"CODE_SIGN_IDENTITY[sdk=iphoneos*]" = "iPhone Developer";
				CODE_SIGN_STYLE = Manual;
				CURRENT_PROJECT_VERSION = 1;
				DEVELOPMENT_ASSET_PATHS = "\"Sources/Resource Preview\"";
				DEVELOPMENT_TEAM = "";
				"DEVELOPMENT_TEAM[sdk=iphoneos*]" = 6WHPY5MQSB;
				ENABLE_PREVIEWS = YES;
				GENERATE_INFOPLIST_FILE = YES;
				INFOPLIST_KEY_NSPhotoLibraryAddUsageDescription = "アプリ上のアイコンをライブラリに保存します";
				INFOPLIST_KEY_UIApplicationSceneManifest_Generation = YES;
				INFOPLIST_KEY_UIApplicationSupportsIndirectInputEvents = YES;
				INFOPLIST_KEY_UILaunchScreen_Generation = YES;
				INFOPLIST_KEY_UISupportedInterfaceOrientations = UIInterfaceOrientationPortrait;
				IPHONEOS_DEPLOYMENT_TARGET = 17.0;
				LD_RUNPATH_SEARCH_PATHS = (
					"$(inherited)",
					"@executable_path/Frameworks",
				);
				MARKETING_VERSION = 1.0;
				PRODUCT_BUNDLE_IDENTIFIER = "$(MMM_PRODUCT_BUNDLE_IDENTIFIER)";
				PRODUCT_NAME = MMM;
				PROVISIONING_PROFILE_SPECIFIER = "match Development com.yossibank.mmm.development";
				"PROVISIONING_PROFILE_SPECIFIER[sdk=iphoneos*]" = "match Development com.yossibank.mmm.development";
				SUPPORTED_PLATFORMS = "iphoneos iphonesimulator";
				SUPPORTS_MACCATALYST = NO;
				SUPPORTS_MAC_DESIGNED_FOR_IPHONE_IPAD = NO;
				SUPPORTS_XR_DESIGNED_FOR_IPHONE_IPAD = NO;
				SWIFT_EMIT_LOC_STRINGS = YES;
				SWIFT_VERSION = 5.0;
				TARGETED_DEVICE_FAMILY = 1;
			};
			name = Debug;
		};
		787A89E22BDC7840000F4335 /* Release */ = {
			isa = XCBuildConfiguration;
			baseConfigurationReference = 783F3C5C2BDFC74A008C6715 /* Release.xcconfig */;
			buildSettings = {
				ASSETCATALOG_COMPILER_APPICON_NAME = "$(MMM_APP_ICON)";
				ASSETCATALOG_COMPILER_GLOBAL_ACCENT_COLOR_NAME = AccentColor;
				CODE_SIGN_IDENTITY = "Apple Distribution: Kamiyama Yoshihito";
				CODE_SIGN_STYLE = Manual;
				CURRENT_PROJECT_VERSION = 1;
				DEVELOPMENT_ASSET_PATHS = "\"Sources/Resource Preview\"";
				DEVELOPMENT_TEAM = "";
				"DEVELOPMENT_TEAM[sdk=iphoneos*]" = 6WHPY5MQSB;
				ENABLE_PREVIEWS = YES;
				GENERATE_INFOPLIST_FILE = YES;
				INFOPLIST_KEY_NSPhotoLibraryAddUsageDescription = "アプリ上のアイコンをライブラリに保存します";
				INFOPLIST_KEY_UIApplicationSceneManifest_Generation = YES;
				INFOPLIST_KEY_UIApplicationSupportsIndirectInputEvents = YES;
				INFOPLIST_KEY_UILaunchScreen_Generation = YES;
				INFOPLIST_KEY_UISupportedInterfaceOrientations = UIInterfaceOrientationPortrait;
				IPHONEOS_DEPLOYMENT_TARGET = 17.0;
				LD_RUNPATH_SEARCH_PATHS = (
					"$(inherited)",
					"@executable_path/Frameworks",
				);
				MARKETING_VERSION = 1.0;
				PRODUCT_BUNDLE_IDENTIFIER = "$(MMM_PRODUCT_BUNDLE_IDENTIFIER)";
				PRODUCT_NAME = MMM;
				PROVISIONING_PROFILE_SPECIFIER = "match AppStore com.yossibank.mmm";
				"PROVISIONING_PROFILE_SPECIFIER[sdk=iphoneos*]" = "match AppStore com.yossibank.mmm";
				SUPPORTED_PLATFORMS = "iphoneos iphonesimulator";
				SUPPORTS_MACCATALYST = NO;
				SUPPORTS_MAC_DESIGNED_FOR_IPHONE_IPAD = NO;
				SUPPORTS_XR_DESIGNED_FOR_IPHONE_IPAD = NO;
				SWIFT_EMIT_LOC_STRINGS = YES;
				SWIFT_VERSION = 5.0;
				TARGETED_DEVICE_FAMILY = 1;
			};
			name = Release;
		};
/* End XCBuildConfiguration section */

/* Begin XCConfigurationList section */
		787A89B52BDC783E000F4335 /* Build configuration list for PBXProject "MMM" */ = {
			isa = XCConfigurationList;
			buildConfigurations = (
				787A89DE2BDC7840000F4335 /* Debug */,
				787A89DF2BDC7840000F4335 /* Release */,
				7855825B2BDF4EE300221A90 /* AdHoc */,
			);
			defaultConfigurationIsVisible = 0;
			defaultConfigurationName = Release;
		};
		787A89E02BDC7840000F4335 /* Build configuration list for PBXNativeTarget "MMM" */ = {
			isa = XCConfigurationList;
			buildConfigurations = (
				787A89E12BDC7840000F4335 /* Debug */,
				787A89E22BDC7840000F4335 /* Release */,
				7855825C2BDF4EE300221A90 /* AdHoc */,
			);
			defaultConfigurationIsVisible = 0;
			defaultConfigurationName = Release;
		};
/* End XCConfigurationList section */

/* Begin XCSwiftPackageProductDependency section */
		788E7A892C7966FD0033A15E /* MMMView */ = {
			isa = XCSwiftPackageProductDependency;
			productName = MMMView;
		};
		78CEC4122C78B92600B5EBD1 /* AppDebug */ = {
			isa = XCSwiftPackageProductDependency;
			productName = AppDebug;
		};
		78CEC4142C78B92600B5EBD1 /* AppIcon */ = {
			isa = XCSwiftPackageProductDependency;
			productName = AppIcon;
		};
		78CEC4162C78B92600B5EBD1 /* InputView */ = {
			isa = XCSwiftPackageProductDependency;
			productName = InputView;
		};
		78CEC4182C78B92600B5EBD1 /* ListView */ = {
			isa = XCSwiftPackageProductDependency;
			productName = ListView;
		};
		78CEC41A2C78B92600B5EBD1 /* MMMAppearance */ = {
			isa = XCSwiftPackageProductDependency;
			productName = MMMAppearance;
		};
		78CEC41C2C78B92600B5EBD1 /* MMMTab */ = {
			isa = XCSwiftPackageProductDependency;
			productName = MMMTab;
		};
		78CEC41E2C78B92600B5EBD1 /* OtherView */ = {
			isa = XCSwiftPackageProductDependency;
			productName = OtherView;
		};
		78CEC4202C78B92600B5EBD1 /* ReportView */ = {
			isa = XCSwiftPackageProductDependency;
			productName = ReportView;
		};
/* End XCSwiftPackageProductDependency section */
	};
	rootObject = 787A89B22BDC783E000F4335 /* Project object */;
}
